version = 1
revision = 3
requires-python = "==3.13.*"

[[package]]
name = "asgiref"
version = "3.12.1"
source = { registry = "https://pypi.org/simple" }
sdist = { url = "https://files.pythonhosted.org/packages/e6/26/3b59f2bdae5f640389becb1f673cded775287f5fc4f816309d9ca9a3f93d/asgiref-3.12.1.tar.gz", hash = "sha256:59dcb51c272ad209d59bed5708a64a333083e86017d7fcdd67498eeab7784340", size = 42378, upload-time = "2026-07-14T09:56:18.087Z" }
wheels = [
    { url = "https://files.pythonhosted.org/packages/c0/1b/54f4ad77cd8a584fa70746c47df988e002cf1ee1eba43364d46f87803647/asgiref-3.12.1-py3-none-any.whl", hash = "sha256:fe386d1c2bff7259ea95929266d12a8cf9a8b5a1c2598402967d8792e7a7c094", size = 25478, upload-time = "2026-07-14T09:56:16.926Z" },
]

[[package]]
name = "colorama"
version = "0.4.6"
source = { registry = "https://pypi.org/simple" }
sdist = { url = "https://files.pythonhosted.org/packages/d8/53/6f443c9a4a8358a93a6792e2acffb9d9d5cb0a5cfd8802644b7b1c9a02e4/colorama-0.4.6.tar.gz", hash = "sha256:08695f5cb7ed6e0531a20572697297273c47b8cae5a63ffc6d6ed5c201be6e44", size = 27697, upload-time = "2022-10-25T02:36:22.414Z" }
wheels = [
    { url = "https://files.pythonhosted.org/packages/d1/d6/3965ed04c63042e047cb6a3e6ed1a63a35087b6a609aa3a15ed8ac56c221/colorama-0.4.6-py2.py3-none-any.whl", hash = "sha256:4f1d9991f5acc0ca119f9d443620b77f9d6b33703e51011c16baf57afb285fc6", size = 25335, upload-time = "2022-10-25T02:36:20.889Z" },
]

[[package]]
name = "django"
version = "5.2.17"
source = { registry = "https://pypi.org/simple" }
dependencies = [
    { name = "asgiref" },
    { name = "sqlparse" },
    { name = "tzdata", marker = "sys_platform == 'win32'" },
]
sdist = { url = "https://files.pythonhosted.org/packages/d5/d8/43e9d000519adceb189620b6869ff88031e046df91c2e9da72f8f6918399/django-5.2.17.tar.gz", hash = "sha256:9d4d93be539a18ab80d058eb515900e10951e04c537c5a6b394fc49528d3251f", size = 10889740, upload-time = "2026-08-04T15:04:03.173Z" }
wheels = [
    { url = "https://files.pythonhosted.org/packages/df/f8/ce120525ca78f12b07daf65786679c5d0b54a75285a8958d3ae55e39da35/django-5.2.17-py3-none-any.whl", hash = "sha256:f04fb3b36ee119e1af4fa1d397d5fd6cf12700f49321e84d4f4c642c5b1973db", size = 8315563, upload-time = "2026-08-04T15:03:59.1Z" },
]

[[package]]
name = "djangorestframework"
version = "3.17.2"
source = { registry = "https://pypi.org/simple" }
dependencies = [
    { name = "django" },
]
sdist = { url = "https://files.pythonhosted.org/packages/3b/35/c96055e700fdff25da3a7b7756cfd1d4dc54f38b9bc6d6c5e19e3a0fdc20/djangorestframework-3.17.2.tar.gz", hash = "sha256:89ed713b6dc83e1539f214b7d10808ae19bb8511004beba886225da6d5c9dafa", size = 906683, upload-time = "2026-08-05T07:47:22.5Z" }
wheels = [
    { url = "https://files.pythonhosted.org/packages/a2/46/c14108e400b208c394325eb63fbae06c81341b6447fa1a6f9da718b17fe7/djangorestframework-3.17.2-py3-none-any.whl", hash = "sha256:cb0546a7415d5b46c04e0f4fe0a54b2109f4fdd5e83ca773c8c6183a6493d042", size = 899109, upload-time = "2026-08-05T07:47:20.853Z" },
]

[[package]]
name = "gunicorn"
version = "26.2.0"
source = { registry = "https://pypi.org/simple" }
sdist = { url = "https://files.pythonhosted.org/packages/d9/8a/e4ef6ee11701b6cd64702848415ffb69eeff85cb388a3c6c7fe86f22f3f8/gunicorn-26.2.0.tar.gz", hash = "sha256:62b864895d9ebff0b2f9867ba04fe811c93121596540830c9c916d0769668447", size = 787921, upload-time = "2026-08-24T15:05:59.3Z" }
wheels = [
    { url = "https://files.pythonhosted.org/packages/fe/85/7522a52e5e2f42faf1a129113ab63e548c42e103e9af395b7bfe65e403e2/gunicorn-26.2.0-py3-none-any.whl", hash = "sha256:bd249d0b3f7972f7432f0a6b6ff3b3ee2d129f70cd1ff6c09a9dd9e29a2b88e3", size = 228389, upload-time = "2026-08-24T15:05:57.67Z" },
]

[[package]]
name = "iniconfig"
version = "2.3.0"
source = { registry = "https://pypi.org/simple" }
sdist = { url = "https://files.pythonhosted.org/packages/72/34/14ca021ce8e5dfedc35312d08ba8bf51fdd999c576889fc2c24cb97f4f10/iniconfig-2.3.0.tar.gz", hash = "sha256:c76315c77db068650d49c5b56314774a7804df16fee4402c1f19d6d15d8c4730", size = 20503, upload-time = "2025-10-18T21:55:43.219Z" }
wheels = [
    { url = "https://files.pythonhosted.org/packages/cb/b1/3846dd7f199d53cb17f49cba7e651e9ce294d8497c8c150530ed11865bb8/iniconfig-2.3.0-py3-none-any.whl", hash = "sha256:f631c04d2c48c52b84d0d0549c99ff3859c98df65b3101406327ecc7d53fbf12", size = 7484, upload-time = "2025-10-18T21:55:41.639Z" },
]

[[package]]
name = "packaging"
version = "26.3"
source = { registry = "https://pypi.org/simple" }
sdist = { url = "https://files.pythonhosted.org/packages/7d/fa/3944b40b07da9ce895c0e6303a5ab7d53da063554f534556b134a54d6093/packaging-26.3.tar.gz", hash = "sha256:94edc256424af38762eb31306eed28beb9f0efc50a8837492c9d6fd6004aed79", size = 313412, upload-time = "2026-08-04T18:15:28.737Z" }
wheels = [
    { url = "https://files.pythonhosted.org/packages/63/34/ba1c580383c9eada3711951fef0795c80b829a078d72188184bcab9dd527/packaging-26.3-py3-none-any.whl", hash = "sha256:d7193f7c8e4e93f444fde0262bf90af30e16fa0ad0ad44cb553c87339b23cd1c", size = 129956, upload-time = "2026-08-04T18:15:27.159Z" },
]

[[package]]
name = "pluggy"
version = "1.6.0"
source = { registry = "https://pypi.org/simple" }
sdist = { url = "https://files.pythonhosted.org/packages/f9/e2/3e91f31a7d2b083fe6ef3fa267035b518369d9511ffab804f839851d2779/pluggy-1.6.0.tar.gz", hash = "sha256:7dcc130b76258d33b90f61b658791dede3486c3e6bfb003ee5c9bfb396dd22f3", size = 69412, upload-time = "2025-05-15T12:30:07.975Z" }
wheels = [
    { url = "https://files.pythonhosted.org/packages/54/20/4d324d65cc6d9205fabedc306948156824eb9f0ee1633355a8f7ec5c66bf/pluggy-1.6.0-py3-none-any.whl", hash = "sha256:e920276dd6813095e9377c0bc5566d94c932c33b27a3e3945d8389c374dd4746", size = 20538, upload-time = "2025-05-15T12:30:06.134Z" },
]

[[package]]
name = "pro-learn-backend"
version = "0.1.0"
source = { editable = "." }
dependencies = [
    { name = "django" },
    { name = "djangorestframework" },
    { name = "gunicorn" },
    { name = "psycopg", extra = ["binary"] },
    { name = "python-dotenv" },
    { name = "whitenoise" },
]

[package.optional-dependencies]
test = [
    { name = "pytest" },
    { name = "pytest-django" },
]

[package.metadata]
requires-dist = [
    { name = "django", specifier = ">=5.2,<5.3" },
    { name = "djangorestframework", specifier = ">=3.17,<3.18" },
    { name = "gunicorn", specifier = ">=26.2,<27" },
    { name = "psycopg", extras = ["binary"], specifier = ">=3.2,<4" },
    { name = "pytest", marker = "extra == 'test'", specifier = ">=8.3,<10" },
    { name = "pytest-django", marker = "extra == 'test'", specifier = ">=4.10,<5" },
    { name = "python-dotenv", specifier = "==1.2.2" },
    { name = "whitenoise", specifier = ">=6.12,<7" },
]
provides-extras = ["test"]

[[package]]
name = "psycopg"
version = "3.3.4"
source = { registry = "https://pypi.org/simple" }
dependencies = [
    { name = "tzdata", marker = "sys_platform == 'win32'" },
]
sdist = { url = "https://files.pythonhosted.org/packages/db/2f/cb91e5502ec9de1de6f1b76cfbf69531932725361168bb06963620c77e2e/psycopg-3.3.4.tar.gz", hash = "sha256:e21207764952cff81b6b8bdacad9a3939f2793367fdac2987b3aac36a651b5bc", size = 165799, upload-time = "2026-05-01T23:31:55.179Z" }
wheels = [
    { url = "https://files.pythonhosted.org/packages/5c/e0/7b3dee031daae7743609ce3c746565d4a3ed7c2c186479eb48e34e838c64/psycopg-3.3.4-py3-none-any.whl", hash = "sha256:b6bbc25ccf05c8fad3b061d9db2ef0909a555171b84b07f29458a447253d679a", size = 213001, upload-time = "2026-05-01T23:20:50.816Z" },
]

[package.optional-dependencies]
binary = [
    { name = "psycopg-binary", marker = "implementation_name != 'pypy'" },
]

[[package]]
name = "psycopg-binary"
version = "3.3.4"
source = { registry = "https://pypi.org/simple" }
wheels = [
    { url = "https://files.pythonhosted.org/packages/09/43/13e9c406fbbf354580476e248a16b64802a376873ebe6339e30bb655572d/psycopg_binary-3.3.4-cp313-cp313-macosx_10_13_x86_64.whl", hash = "sha256:fbd1d4ed566895ad2d3bf4ddfd8bae90026930ddf29df3b9d91d32c8c47866a7", size = 4590377, upload-time = "2026-05-01T23:29:18.782Z" },
    { url = "https://files.pythonhosted.org/packages/22/be/2923cd7c3683e7afdecf4f10796a18de02f5c5ddc0969aa2ad0a8cdd3bbd/psycopg_binary-3.3.4-cp313-cp313-macosx_11_0_arm64.whl", hash = "sha256:75a9067e236f9b9ae3535b66fe99bddb33d39c0de10112e49b9ab11eee53dc31", size = 4669023, upload-time = "2026-05-01T23:29:25.884Z" },
    { url = "https://files.pythonhosted.org/packages/96/a0/2c913d6fe13d6a8bd13597d36739bf47af063ad9399e402cfecab16f3c1e/psycopg_binary-3.3.4-cp313-cp313-manylinux2014_ppc64le.manylinux_2_17_ppc64le.whl", hash = "sha256:b56b603ebcea8aa10b46228b8410ba7f13e7c2ee54389d4d9be0927fd8ce2a70", size = 5467423, upload-time = "2026-05-01T23:29:33.416Z" },
    { url = "https://files.pythonhosted.org/packages/e7/38/205d10bc1ad0df4a21c5c51659126bd3ea0ef98fcad1e852f78c249bb9c3/psycopg_binary-3.3.4-cp313-cp313-manylinux2014_x86_64.manylinux_2_17_x86_64.whl", hash = "sha256:c677c4ad433cb7150c8cd304a0769ae3bcfbe5ea0676eb53faa7b1443b16d0d3", size = 5151137, upload-time = "2026-05-01T23:29:42.013Z" },
    { url = "https://files.pythonhosted.org/packages/36/fc/f0381ddcd45eff3bb70dbca6823a996048d7f507b2ec3fc92c6fabc0fe87/psycopg_binary-3.3.4-cp313-cp313-manylinux_2_27_aarch64.manylinux_2_28_aarch64.whl", hash = "sha256:26df2717e59c0473e4465a97dfb1b7afebaa479277870fd5784d1436470db47c", size = 6736671, upload-time = "2026-05-01T23:29:51.626Z" },
    { url = "https://files.pythonhosted.org/packages/95/40/fa545ae152c24327651e5624e4902121e808270be36c10b12e9939be09bc/psycopg_binary-3.3.4-cp313-cp313-manylinux_2_38_riscv64.manylinux_2_39_riscv64.whl", hash = "sha256:1dc1f79fd16bb1f3f4421417a514607539f17804d95c7ed617265369d1981cae", size = 4979601, upload-time = "2026-05-01T23:29:56.961Z" },
    { url = "https://files.pythonhosted.org/packages/86/e4/2f8a47ee97f90cd2b933d0463081d35631ff419de2b8c984a5f369857de0/psycopg_binary-3.3.4-cp313-cp313-musllinux_1_2_aarch64.whl", hash = "sha256:136f199a407b5348b9b857c504aff60c77622a28482e7195839ce1b51238c4cc", size = 4510513, upload-time = "2026-05-01T23:30:07.243Z" },
    { url = "https://files.pythonhosted.org/packages/0e/0e/94e842ff4a7f98ed162580ca2e8b8864b28c1e0350f2443f8ee47f821167/psycopg_binary-3.3.4-cp313-cp313-musllinux_1_2_ppc64le.whl", hash = "sha256:b6f5a29e9c775b9f12a1a717aa7a2c80f9e1db6f27ba44a5b59c80ac61d2ffcf", size = 4187243, upload-time = "2026-05-01T23:30:15.352Z" },
    { url = "https://files.pythonhosted.org/packages/d0/83/fc6c174b672e29b7de996ea77b6cbddf46c891751c3355f6974292baa6b4/psycopg_binary-3.3.4-cp313-cp313-musllinux_1_2_riscv64.whl", hash = "sha256:ee17a2cf4943cde261adfad1bbc5bf38d6b3776d7afff74c7cabcbeaeb08c260", size = 3927347, upload-time = "2026-05-01T23:30:21.186Z" },
    { url = "https://files.pythonhosted.org/packages/e9/65/768364d4a97a15b1a7f47ba52688c1686f22941d8332a8398cefc468e25f/psycopg_binary-3.3.4-cp313-cp313-musllinux_1_2_x86_64.whl", hash = "sha256:5c4ab71be17bdca30cb34c34c4e1496e2f5d6f20c199c12bad226070b22ef9bf", size = 4236393, upload-time = "2026-05-01T23:30:26.211Z" },
    { url = "https://files.pythonhosted.org/packages/bd/3b/218efbc9e645becd80cdf651acda05f85cfe546b7a9c0458c7cbc8fe1f74/psycopg_binary-3.3.4-cp313-cp313-win_amd64.whl", hash = "sha256:dbfdb9b6cc79f31104a7b162a2b921b765fcc62af6c00540a167a8de47e4ed38", size = 3564592, upload-time = "2026-05-01T23:30:31.764Z" },
]

[[package]]
name = "pygments"
version = "2.20.0"
source = { registry = "https://pypi.org/simple" }
sdist = { url = "https://files.pythonhosted.org/packages/c3/b2/bc9c9196916376152d655522fdcebac55e66de6603a76a02bca1b6414f6c/pygments-2.20.0.tar.gz", hash = "sha256:6757cd03768053ff99f3039c1a36d6c0aa0b263438fcab17520b30a303a82b5f", size = 4955991, upload-time = "2026-03-29T13:29:33.898Z" }
wheels = [
    { url = "https://files.pythonhosted.org/packages/f4/7e/a72dd26f3b0f4f2bf1dd8923c85f7ceb43172af56d63c7383eb62b332364/pygments-2.20.0-py3-none-any.whl", hash = "sha256:81a9e26dd42fd28a23a2d169d86d7ac03b46e2f8b59ed4698fb4785f946d0176", size = 1231151, upload-time = "2026-03-29T13:29:30.038Z" },
]

[[package]]
name = "pytest"
version = "9.1.1"
source = { registry = "https://pypi.org/simple" }
dependencies = [
    { name = "colorama", marker = "sys_platform == 'win32'" },
    { name = "iniconfig" },
    { name = "packaging" },
    { name = "pluggy" },
    { name = "pygments" },
]
sdist = { url = "https://files.pythonhosted.org/packages/e4/47/b9efed96c114afcfa3c9d3fe98a76a1d14c74a9e266d397cf6eb64be5e01/pytest-9.1.1.tar.gz", hash = "sha256:1088fbde8f2b49d95a549a195707afa7a76a3ce9bcadc26b6d71f0ffda5fe313", size = 1636369, upload-time = "2026-06-19T10:58:32.857Z" }
wheels = [
    { url = "https://files.pythonhosted.org/packages/24/25/1de2678b631f5a49215c6c96fff41ba892b0a34df68d6d80292b1b48aa7f/pytest-9.1.1-py3-none-any.whl", hash = "sha256:37a86b45efb9a47a61a36449063e8e18d0cab3161329fc099eb21783169c4f0c", size = 386536, upload-time = "2026-06-19T10:58:31.347Z" },
]

[[package]]
name = "pytest-django"
version = "4.13.0"
source = { registry = "https://pypi.org/simple" }
dependencies = [
    { name = "pytest" },
]
sdist = { url = "https://files.pythonhosted.org/packages/1c/ae/5ed1ab2d12090bd794392d798c14d092f0470f6446eaa6d2af4183f4aa2b/pytest_django-4.13.0.tar.gz", hash = "sha256:2316e3f63e3bc799deb4212830e39b2ef1dcc3b2d8688060f1d0217db6a56ebe", size = 94200, upload-time = "2026-08-05T21:36:23.035Z" }
wheels = [
    { url = "https://files.pythonhosted.org/packages/27/88/52db7a840fdbd74934f8df11b7450c9919ac00f61c02e88827f3d58180f7/pytest_django-4.13.0-py3-none-any.whl", hash = "sha256:09374c12d947ca0f99e33726bcb720a6d0124f67058e1130586372bd109493e3", size = 27066, upload-time = "2026-08-05T21:36:21.763Z" },
]

[[package]]
name = "python-dotenv"
version = "1.2.2"
source = { registry = "https://pypi.org/simple" }
sdist = { url = "https://files.pythonhosted.org/packages/82/ed/0301aeeac3e5353ef3d94b6ec08bbcabd04a72018415dcb29e588514bba8/python_dotenv-1.2.2.tar.gz", hash = "sha256:2c371a91fbd7ba082c2c1dc1f8bf89ca22564a087c2c287cd9b662adde799cf3", size = 50135, upload-time = "2026-03-01T16:00:26.196Z" }
wheels = [
    { url = "https://files.pythonhosted.org/packages/0b/d7/1959b9648791274998a9c3526f6d0ec8fd2233e4d4acce81bbae76b44b2a/python_dotenv-1.2.2-py3-none-any.whl", hash = "sha256:1d8214789a24de455a8b8bd8ae6fe3c6b69a5e3d64aa8a8e5d68e694bbcb285a", size = 22101, upload-time = "2026-03-01T16:00:25.09Z" },
]

[[package]]
name = "sqlparse"
version = "0.5.5"
source = { registry = "https://pypi.org/simple" }
sdist = { url = "https://files.pythonhosted.org/packages/90/76/437d71068094df0726366574cf3432a4ed754217b436eb7429415cf2d480/sqlparse-0.5.5.tar.gz", hash = "sha256:e20d4a9b0b8585fdf63b10d30066c7c94c5d7a7ec47c889a2d83a3caa93ff28e", size = 120815, upload-time = "2025-12-19T07:17:45.073Z" }
wheels = [
    { url = "https://files.pythonhosted.org/packages/49/4b/359f28a903c13438ef59ebeee215fb25da53066db67b305c125f1c6d2a25/sqlparse-0.5.5-py3-none-any.whl", hash = "sha256:12a08b3bf3eec877c519589833aed092e2444e68240a3577e8e26148acc7b1ba", size = 46138, upload-time = "2025-12-19T07:17:46.573Z" },
]

[[package]]
name = "tzdata"
version = "2026.3"
source = { registry = "https://pypi.org/simple" }
sdist = { url = "https://files.pythonhosted.org/packages/92/ff/5a28bdfd8c3ebec42564ac7d0e54ca3db65044a9314a97f9564fa7a1e926/tzdata-2026.3.tar.gz", hash = "sha256:4a1518b8993086a7982523e071643f3c0e5f213e75b21318e78bcabfff9d1415", size = 198674, upload-time = "2026-07-10T08:50:37.887Z" }
wheels = [
    { url = "https://files.pythonhosted.org/packages/e5/6d/b53b99a9f2766d095985947a5782f1702cabb129a34f7a802d7197af832f/tzdata-2026.3-py2.py3-none-any.whl", hash = "sha256:dc096730c87af6cab1b171c9d532be840741ff5d459015e7f6947bd7d7e54931", size = 348168, upload-time = "2026-07-10T08:50:36.46Z" },
]

[[package]]
name = "whitenoise"
version = "6.12.0"
source = { registry = "https://pypi.org/simple" }
sdist = { url = "https://files.pythonhosted.org/packages/cb/2a/55b3f3a4ec326cd077c1c3defeee656b9298372a69229134d930151acd01/whitenoise-6.12.0.tar.gz", hash = "sha256:f723ebb76a112e98816ff80fcea0a6c9b8ecde835f8ddda25df7a30a3c2db6ad", size = 26841, upload-time = "2026-02-27T00:05:42.028Z" }
wheels = [
    { url = "https://files.pythonhosted.org/packages/db/eb/d5583a11486211f3ebd4b385545ae787f32363d453c19fffd81106c9c138/whitenoise-6.12.0-py3-none-any.whl", hash = "sha256:fc5e8c572e33ebf24795b47b6a7da8da3c00cff2349f5b04c02f28d0cc5a3cc2", size = 20302, upload-time = "2026-02-27T00:05:40.086Z" },
]
